
Microsoft Visual Studio Solution File, Format Version 12.00
# Visual Studio Version 16
VisualStudioVersion = 16.0.29806.167
MinimumVisualStudioVersion = 10.0.40219.1
Project("{9A19103F-16F7-4668-BE54-9A1E7A4F7556}") = "ResourceProvisioning.Abstractions", "src\ResourceProvisioning.Abstractions\ResourceProvisioning.Abstractions.csproj", "{9846A48C-2DDB-4874-833C-53C5C37F5DE3}"
EndProject
Project("{9A19103F-16F7-4668-BE54-9A1E7A4F7556}") = "ResourceProvisioning.Broker.Domain", "src\ResourceProvisioning.Broker.Domain\ResourceProvisioning.Broker.Domain.csproj", "{19F13527-628D-4C0C-8E48-E00839A7E00B}"
EndProject
Project("{9A19103F-16F7-4668-BE54-9A1E7A4F7556}") = "ResourceProvisioning.Broker.Infrastructure", "src\ResourceProvisioning.Broker.Infrastructure\ResourceProvisioning.Broker.Infrastructure.csproj", "{FBCEAA8A-8599-4DF4-9EEB-5C8BAD8A75F4}"
EndProject
Project("{9A19103F-16F7-4668-BE54-9A1E7A4F7556}") = "ResourceProvisioning.Broker.Host.Api", "src\ResourceProvisioning.Broker.Host.Api\ResourceProvisioning.Broker.Host.Api.csproj", "{CEE1198F-797F-42FB-A00B-9A79EFAE0862}"
EndProject
Project("{2150E333-8FDC-42A3-9474-1A3956D46DE8}") = "Broker", "Broker", "{6D75FFD1-B66C-4C29-993F-5B273B31A8DA}"
EndProject
Project("{2150E333-8FDC-42A3-9474-1A3956D46DE8}") = "Abstractions", "Abstractions", "{F04493C6-3E4F-499D-90F1-88A47EDF996D}"
EndProject
Project("{9A19103F-16F7-4668-BE54-9A1E7A4F7556}") = "ResourceProvisioning.Broker.Application", "src\ResourceProvisioning.Broker.Application\ResourceProvisioning.Broker.Application.csproj", "{D58C02BC-26B3-4AD9-9281-626C8B5B87A0}"
EndProject
Project("{9A19103F-16F7-4668-BE54-9A1E7A4F7556}") = "ResourceProvisioning.Broker.Host.Worker", "src\ResourceProvisioning.Broker.Host.Worker\ResourceProvisioning.Broker.Host.Worker.csproj", "{6E3A3DDB-DCC5-4695-9A8D-FC6B48719C68}"
EndProject
Project("{2150E333-8FDC-42A3-9474-1A3956D46DE8}") = "Cli", "Cli", "{5E61229F-0831-4C14-A3DC-F0A84C7B44CA}"
EndProject
Project("{9A19103F-16F7-4668-BE54-9A1E7A4F7556}") = "ResourceProvisioning.Cli.AcceptanceTests", "src\ResourceProvisioning.Cli.AcceptanceTests\ResourceProvisioning.Cli.AcceptanceTests.csproj", "{D2A18931-E566-428E-861B-0E0E41D11A23}"
EndProject
Project("{9A19103F-16F7-4668-BE54-9A1E7A4F7556}") = "ResourceProvisioning.Cli.Host.Console", "src\ResourceProvisioning.Cli.Host.Console\ResourceProvisioning.Cli.Host.Console.csproj", "{DA957DAE-FBAF-4A57-A7B5-D89A1FC58017}"
EndProject
Project("{9A19103F-16F7-4668-BE54-9A1E7A4F7556}") = "ResourceProvisioning.Cli.Infrastructure", "src\ResourceProvisioning.Cli.Infrastructure\ResourceProvisioning.Cli.Infrastructure.csproj", "{94505BB9-F4B1-440F-B684-D6046EA99245}"
EndProject
Project("{9A19103F-16F7-4668-BE54-9A1E7A4F7556}") = "ResourceProvisioning.Cli.Domain", "src\ResourceProvisioning.Cli.Domain\ResourceProvisioning.Cli.Domain.csproj", "{4B8E4C93-662F-464A-9627-34807ACC9025}"
EndProject
Project("{2150E333-8FDC-42A3-9474-1A3956D46DE8}") = ".test", ".test", "{D9E615C8-FF3D-4016-9F30-2B2EE375B1E3}"
EndProject
Project("{9A19103F-16F7-4668-BE54-9A1E7A4F7556}") = "ResourceProvisioning.Cli.Application", "src\ResourceProvisioning.Cli.Application\ResourceProvisioning.Cli.Application.csproj", "{5DE73E7C-6AEB-4D68-95C3-72943AA13E99}"
EndProject
Project("{2150E333-8FDC-42A3-9474-1A3956D46DE8}") = ".test", ".test", "{8A2B452A-8B9D-407C-A361-A859EE3172B0}"
EndProject
Project("{9A19103F-16F7-4668-BE54-9A1E7A4F7556}") = "ResourceProvisioning.Broker.AcceptanceTests", "src\ResourceProvisioning.Broker.AcceptanceTests\ResourceProvisioning.Broker.AcceptanceTests.csproj", "{BD3FC227-8A20-40DC-9B1F-AE8EF38EFC18}"
EndProject
Global
	GlobalSection(SolutionConfigurationPlatforms) = preSolution
		Debug|Any CPU = Debug|Any CPU
		Release|Any CPU = Release|Any CPU
	EndGlobalSection
	GlobalSection(ProjectConfigurationPlatforms) = postSolution
		{9846A48C-2DDB-4874-833C-53C5C37F5DE3}.Debug|Any CPU.ActiveCfg = Debug|Any CPU
		{9846A48C-2DDB-4874-833C-53C5C37F5DE3}.Debug|Any CPU.Build.0 = Debug|Any CPU
		{9846A48C-2DDB-4874-833C-53C5C37F5DE3}.Release|Any CPU.ActiveCfg = Release|Any CPU
		{9846A48C-2DDB-4874-833C-53C5C37F5DE3}.Release|Any CPU.Build.0 = Release|Any CPU
		{19F13527-628D-4C0C-8E48-E00839A7E00B}.Debug|Any CPU.ActiveCfg = Debug|Any CPU
		{19F13527-628D-4C0C-8E48-E00839A7E00B}.Debug|Any CPU.Build.0 = Debug|Any CPU
		{19F13527-628D-4C0C-8E48-E00839A7E00B}.Release|Any CPU.ActiveCfg = Release|Any CPU
		{19F13527-628D-4C0C-8E48-E00839A7E00B}.Release|Any CPU.Build.0 = Release|Any CPU
		{FBCEAA8A-8599-4DF4-9EEB-5C8BAD8A75F4}.Debug|Any CPU.ActiveCfg = Debug|Any CPU
		{FBCEAA8A-8599-4DF4-9EEB-5C8BAD8A75F4}.Debug|Any CPU.Build.0 = Debug|Any CPU
		{FBCEAA8A-8599-4DF4-9EEB-5C8BAD8A75F4}.Release|Any CPU.ActiveCfg = Release|Any CPU
		{FBCEAA8A-8599-4DF4-9EEB-5C8BAD8A75F4}.Release|Any CPU.Build.0 = Release|Any CPU
		{CEE1198F-797F-42FB-A00B-9A79EFAE0862}.Debug|Any CPU.ActiveCfg = Debug|Any CPU
		{CEE1198F-797F-42FB-A00B-9A79EFAE0862}.Debug|Any CPU.Build.0 = Debug|Any CPU
		{CEE1198F-797F-42FB-A00B-9A79EFAE0862}.Release|Any CPU.ActiveCfg = Release|Any CPU
		{CEE1198F-797F-42FB-A00B-9A79EFAE0862}.Release|Any CPU.Build.0 = Release|Any CPU
		{D58C02BC-26B3-4AD9-9281-626C8B5B87A0}.Debug|Any CPU.ActiveCfg = Debug|Any CPU
		{D58C02BC-26B3-4AD9-9281-626C8B5B87A0}.Debug|Any CPU.Build.0 = Debug|Any CPU
		{D58C02BC-26B3-4AD9-9281-626C8B5B87A0}.Release|Any CPU.ActiveCfg = Release|Any CPU
		{D58C02BC-26B3-4AD9-9281-626C8B5B87A0}.Release|Any CPU.Build.0 = Release|Any CPU
		{6E3A3DDB-DCC5-4695-9A8D-FC6B48719C68}.Debug|Any CPU.ActiveCfg = Debug|Any CPU
		{6E3A3DDB-DCC5-4695-9A8D-FC6B48719C68}.Debug|Any CPU.Build.0 = Debug|Any CPU
		{6E3A3DDB-DCC5-4695-9A8D-FC6B48719C68}.Release|Any CPU.ActiveCfg = Release|Any CPU
		{6E3A3DDB-DCC5-4695-9A8D-FC6B48719C68}.Release|Any CPU.Build.0 = Release|Any CPU
		{D2A18931-E566-428E-861B-0E0E41D11A23}.Debug|Any CPU.ActiveCfg = Debug|Any CPU
		{D2A18931-E566-428E-861B-0E0E41D11A23}.Debug|Any CPU.Build.0 = Debug|Any CPU
		{D2A18931-E566-428E-861B-0E0E41D11A23}.Release|Any CPU.ActiveCfg = Release|Any CPU
		{D2A18931-E566-428E-861B-0E0E41D11A23}.Release|Any CPU.Build.0 = Release|Any CPU
		{DA957DAE-FBAF-4A57-A7B5-D89A1FC58017}.Debug|Any CPU.ActiveCfg = Debug|Any CPU
		{DA957DAE-FBAF-4A57-A7B5-D89A1FC58017}.Debug|Any CPU.Build.0 = Debug|Any CPU
		{DA957DAE-FBAF-4A57-A7B5-D89A1FC58017}.Release|Any CPU.ActiveCfg = Release|Any CPU
		{DA957DAE-FBAF-4A57-A7B5-D89A1FC58017}.Release|Any CPU.Build.0 = Release|Any CPU
		{94505BB9-F4B1-440F-B684-D6046EA99245}.Debug|Any CPU.ActiveCfg = Debug|Any CPU
		{94505BB9-F4B1-440F-B684-D6046EA99245}.Debug|Any CPU.Build.0 = Debug|Any CPU
		{94505BB9-F4B1-440F-B684-D6046EA99245}.Release|Any CPU.ActiveCfg = Release|Any CPU
		{94505BB9-F4B1-440F-B684-D6046EA99245}.Release|Any CPU.Build.0 = Release|Any CPU
		{4B8E4C93-662F-464A-9627-34807ACC9025}.Debug|Any CPU.ActiveCfg = Debug|Any CPU
		{4B8E4C93-662F-464A-9627-34807ACC9025}.Debug|Any CPU.Build.0 = Debug|Any CPU
		{4B8E4C93-662F-464A-9627-34807ACC9025}.Release|Any CPU.ActiveCfg = Release|Any CPU
		{4B8E4C93-662F-464A-9627-34807ACC9025}.Release|Any CPU.Build.0 = Release|Any CPU
		{5DE73E7C-6AEB-4D68-95C3-72943AA13E99}.Debug|Any CPU.ActiveCfg = Debug|Any CPU
		{5DE73E7C-6AEB-4D68-95C3-72943AA13E99}.Debug|Any CPU.Build.0 = Debug|Any CPU
		{5DE73E7C-6AEB-4D68-95C3-72943AA13E99}.Release|Any CPU.ActiveCfg = Release|Any CPU
		{5DE73E7C-6AEB-4D68-95C3-72943AA13E99}.Release|Any CPU.Build.0 = Release|Any CPU
		{BD3FC227-8A20-40DC-9B1F-AE8EF38EFC18}.Debug|Any CPU.ActiveCfg = Debug|Any CPU
		{BD3FC227-8A20-40DC-9B1F-AE8EF38EFC18}.Debug|Any CPU.Build.0 = Debug|Any CPU
		{BD3FC227-8A20-40DC-9B1F-AE8EF38EFC18}.Release|Any CPU.ActiveCfg = Release|Any CPU
		{BD3FC227-8A20-40DC-9B1F-AE8EF38EFC18}.Release|Any CPU.Build.0 = Release|Any CPU
	EndGlobalSection
	GlobalSection(SolutionProperties) = preSolution
		HideSolutionNode = FALSE
	EndGlobalSection
	GlobalSection(NestedProjects) = preSolution
		{9846A48C-2DDB-4874-833C-53C5C37F5DE3} = {F04493C6-3E4F-499D-90F1-88A47EDF996D}
		{19F13527-628D-4C0C-8E48-E00839A7E00B} = {6D75FFD1-B66C-4C29-993F-5B273B31A8DA}
		{FBCEAA8A-8599-4DF4-9EEB-5C8BAD8A75F4} = {6D75FFD1-B66C-4C29-993F-5B273B31A8DA}
		{CEE1198F-797F-42FB-A00B-9A79EFAE0862} = {6D75FFD1-B66C-4C29-993F-5B273B31A8DA}
		{D58C02BC-26B3-4AD9-9281-626C8B5B87A0} = {6D75FFD1-B66C-4C29-993F-5B273B31A8DA}
		{6E3A3DDB-DCC5-4695-9A8D-FC6B48719C68} = {6D75FFD1-B66C-4C29-993F-5B273B31A8DA}
		{D2A18931-E566-428E-861B-0E0E41D11A23} = {D9E615C8-FF3D-4016-9F30-2B2EE375B1E3}
		{DA957DAE-FBAF-4A57-A7B5-D89A1FC58017} = {5E61229F-0831-4C14-A3DC-F0A84C7B44CA}
		{94505BB9-F4B1-440F-B684-D6046EA99245} = {5E61229F-0831-4C14-A3DC-F0A84C7B44CA}
		{4B8E4C93-662F-464A-9627-34807ACC9025} = {5E61229F-0831-4C14-A3DC-F0A84C7B44CA}
		{D9E615C8-FF3D-4016-9F30-2B2EE375B1E3} = {5E61229F-0831-4C14-A3DC-F0A84C7B44CA}
		{5DE73E7C-6AEB-4D68-95C3-72943AA13E99} = {5E61229F-0831-4C14-A3DC-F0A84C7B44CA}
		{8A2B452A-8B9D-407C-A361-A859EE3172B0} = {6D75FFD1-B66C-4C29-993F-5B273B31A8DA}
		{BD3FC227-8A20-40DC-9B1F-AE8EF38EFC18} = {8A2B452A-8B9D-407C-A361-A859EE3172B0}
	EndGlobalSection
	GlobalSection(ExtensibilityGlobals) = postSolution
		SolutionGuid = {06880FAD-1B9E-4E55-B800-04BEC6803345}
	EndGlobalSection
EndGlobal
